// !$*UTF8*$!
{
	archiveVersion = 1;
	classes = {
	};
	objectVersion = 48;
	objects = {

/* Begin PBXBuildFile section */
		4173F8FA202EF9BD0010F06F /* StoryListViewController.swift in Sources */ = {isa = PBXBuildFile; fileRef = 4173F8F9202EF9BD0010F06F /* StoryListViewController.swift */; };
		41A2502C202ECF7A009DA163 /* AppDelegate.swift in Sources */ = {isa = PBXBuildFile; fileRef = 41A2502B202ECF7A009DA163 /* AppDelegate.swift */; };
		41A25031202ECF7A009DA163 /* Main.storyboard in Resources */ = {isa = PBXBuildFile; fileRef = 41A2502F202ECF7A009DA163 /* Main.storyboard */; };
		41A25034202ECF7A009DA163 /* PhotoWithCoreData.xcdatamodeld in Sources */ = {isa = PBXBuildFile; fileRef = 41A25032202ECF7A009DA163 /* PhotoWithCoreData.xcdatamodeld */; };
		41A25036202ECF7A009DA163 /* Assets.xcassets in Resources */ = {isa = PBXBuildFile; fileRef = 41A25035202ECF7A009DA163 /* Assets.xcassets */; };
		41A25039202ECF7A009DA163 /* LaunchScreen.storyboard in Resources */ = {isa = PBXBuildFile; fileRef = 41A25037202ECF7A009DA163 /* LaunchScreen.storyboard */; };
		41F38243202ED5B6007B44DB /* CameraController.swift in Sources */ = {isa = PBXBuildFile; fileRef = 41F38242202ED5B6007B44DB /* CameraController.swift */; };
		41F38246202ED6E9007B44DB /* CameraViewController.swift in Sources */ = {isa = PBXBuildFile; fileRef = 41F38245202ED6E9007B44DB /* CameraViewController.swift */; };
		41F38248202ED7D1007B44DB /* Camera.storyboard in Resources */ = {isa = PBXBuildFile; fileRef = 41F38247202ED7D1007B44DB /* Camera.storyboard */; };
		41F3824A202ED880007B44DB /* README.md in Resources */ = {isa = PBXBuildFile; fileRef = 41F38249202ED87F007B44DB /* README.md */; };
		41F3824D202EEE7D007B44DB /* CoreDataManager.swift in Sources */ = {isa = PBXBuildFile; fileRef = 41F3824C202EEE7D007B44DB /* CoreDataManager.swift */; };
		41F38252202EF1E8007B44DB /* Story.xcdatamodeld in Sources */ = {isa = PBXBuildFile; fileRef = 41F3824E202EEF83007B44DB /* Story.xcdatamodeld */; };
/* End PBXBuildFile section */

/* Begin PBXFileReference section */
		4173F8F9202EF9BD0010F06F /* StoryListViewController.swift */ = {isa = PBXFileReference; lastKnownFileType = sourcecode.swift; path = StoryListViewController.swift; sourceTree = "<group>"; };
		41A25028202ECF7A009DA163 /* PhotoWithCoreData.app */ = {isa = PBXFileReference; explicitFileType = wrapper.application; includeInIndex = 0; path = PhotoWithCoreData.app; sourceTree = BUILT_PRODUCTS_DIR; };
		41A2502B202ECF7A009DA163 /* AppDelegate.swift */ = {isa = PBXFileReference; lastKnownFileType = sourcecode.swift; path = AppDelegate.swift; sourceTree = "<group>"; };
		41A25030202ECF7A009DA163 /* Base */ = {isa = PBXFileReference; lastKnownFileType = file.storyboard; name = Base; path = Base.lproj/Main.storyboard; sourceTree = "<group>"; };
		41A25033202ECF7A009DA163 /* PhotoWithCoreData.xcdatamodel */ = {isa = PBXFileReference; lastKnownFileType = wrapper.xcdatamodel; path = PhotoWithCoreData.xcdatamodel; sourceTree = "<group>"; };
		41A25035202ECF7A009DA163 /* Assets.xcassets */ = {isa = PBXFileReference; lastKnownFileType = folder.assetcatalog; path = Assets.xcassets; sourceTree = "<group>"; };
		41A25038202ECF7A009DA163 /* Base */ = {isa = PBXFileReference; lastKnownFileType = file.storyboard; name = Base; path = Base.lproj/LaunchScreen.storyboard; sourceTree = "<group>"; };
		41A2503A202ECF7A009DA163 /* Info.plist */ = {isa = PBXFileReference; lastKnownFileType = text.plist.xml; path = Info.plist; sourceTree = "<group>"; };
		41F38242202ED5B6007B44DB /* CameraController.swift */ = {isa = PBXFileReference; fileEncoding = 4; lastKnownFileType = sourcecode.swift; path = CameraController.swift; sourceTree = "<group>"; };
		41F38245202ED6E9007B44DB /* CameraViewController.swift */ = {isa = PBXFileReference; lastKnownFileType = sourcecode.swift; path = CameraViewController.swift; sourceTree = "<group>"; };
		41F38247202ED7D1007B44DB /* Camera.storyboard */ = {isa = PBXFileReference; fileEncoding = 4; lastKnownFileType = file.storyboard; path = Camera.storyboard; sourceTree = "<group>"; };
		41F38249202ED87F007B44DB /* README.md */ = {isa = PBXFileReference; fileEncoding = 4; lastKnownFileType = net.daringfireball.markdown; path = README.md; sourceTree = "<group>"; };
		41F3824C202EEE7D007B44DB /* CoreDataManager.swift */ = {isa = PBXFileReference; lastKnownFileType = sourcecode.swift; path = CoreDataManager.swift; sourceTree = "<group>"; };
		41F3824F202EEF83007B44DB /* Story.xcdatamodel */ = {isa = PBXFileReference; lastKnownFileType = wrapper.xcdatamodel; path = Story.xcdatamodel; sourceTree = "<group>"; };
/* End PBXFileReference section */

/* Begin PBXFrameworksBuildPhase section */
		41A25025202ECF7A009DA163 /* Frameworks */ = {
			isa = PBXFrameworksBuildPhase;
			buildActionMask = 2147483647;
			files = (
			);
			runOnlyForDeploymentPostprocessing = 0;
		};
/* End PBXFrameworksBuildPhase section */

/* Begin PBXGroup section */
		4173F8F6202EF81F0010F06F /* Commcon */ = {
			isa = PBXGroup;
			children = (
				41F3824B202EEE5C007B44DB /* CoreDataManager */,
			);
			path = Commcon;
			sourceTree = "<group>";
		};
		41A2501F202ECF7A009DA163 = {
			isa = PBXGroup;
			children = (
				41A2502A202ECF7A009DA163 /* PhotoWithCoreData */,
				41A25029202ECF7A009DA163 /* Products */,
			);
			sourceTree = "<group>";
		};
		41A25029202ECF7A009DA163 /* Products */ = {
			isa = PBXGroup;
			children = (
				41A25028202ECF7A009DA163 /* PhotoWithCoreData.app */,
			);
			name = Products;
			sourceTree = "<group>";
		};
		41A2502A202ECF7A009DA163 /* PhotoWithCoreData */ = {
			isa = PBXGroup;
			children = (
				4173F8F6202EF81F0010F06F /* Commcon */,
				41F38241202ED56C007B44DB /* ViewContollers */,
				41A2502B202ECF7A009DA163 /* AppDelegate.swift */,
				41A25035202ECF7A009DA163 /* Assets.xcassets */,
				41A25037202ECF7A009DA163 /* LaunchScreen.storyboard */,
				41A2503A202ECF7A009DA163 /* Info.plist */,
				41F38249202ED87F007B44DB /* README.md */,
				41A25032202ECF7A009DA163 /* PhotoWithCoreData.xcdatamodeld */,
			);
			path = PhotoWithCoreData;
			sourceTree = "<group>";
		};
		41F38241202ED56C007B44DB /* ViewContollers */ = {
			isa = PBXGroup;
			children = (
				41F38253202EF681007B44DB /* StoryList */,
				41F38244202ED663007B44DB /* Camera */,
			);
			path = ViewContollers;
			sourceTree = "<group>";
		};
		41F38244202ED663007B44DB /* Camera */ = {
			isa = PBXGroup;
			children = (
				41F38242202ED5B6007B44DB /* CameraController.swift */,
				41F38245202ED6E9007B44DB /* CameraViewController.swift */,
				41F38247202ED7D1007B44DB /* Camera.storyboard */,
			);
			path = Camera;
			sourceTree = "<group>";
		};
		41F3824B202EEE5C007B44DB /* CoreDataManager */ = {
			isa = PBXGroup;
			children = (
				41F3824C202EEE7D007B44DB /* CoreDataManager.swift */,
				41F3824E202EEF83007B44DB /* Story.xcdatamodeld */,
			);
			path = CoreDataManager;
			sourceTree = "<group>";
		};
		41F38253202EF681007B44DB /* StoryList */ = {
			isa = PBXGroup;
			children = (
				41A2502F202ECF7A009DA163 /* Main.storyboard */,
				4173F8F9202EF9BD0010F06F /* StoryListViewController.swift */,
			);
			path = StoryList;
			sourceTree = "<group>";
		};
/* End PBXGroup section */

/* Begin PBXNativeTarget section */
		41A25027202ECF7A009DA163 /* PhotoWithCoreData */ = {
			isa = PBXNativeTarget;
			buildConfigurationList = 41A2503D202ECF7A009DA163 /* Build configuration list for PBXNativeTarget "PhotoWithCoreData" */;
			buildPhases = (
				41A25024202ECF7A009DA163 /* Sources */,
				41A25025202ECF7A009DA163 /* Frameworks */,
				41A25026202ECF7A009DA163 /* Resources */,
			);
			buildRules = (
			);
			dependencies = (
			);
			name = PhotoWithCoreData;
			productName = PhotoWithCoreData;
			productReference = 41A25028202ECF7A009DA163 /* PhotoWithCoreData.app */;
			productType = "com.apple.product-type.application";
		};
/* End PBXNativeTarget section */

/* Begin PBXProject section */
		41A25020202ECF7A009DA163 /* Project object */ = {
			isa = PBXProject;
			attributes = {
				LastSwiftUpdateCheck = 0920;
				LastUpgradeCheck = 0920;
				ORGANIZATIONNAME = "jongjin seok";
				TargetAttributes = {
					41A25027202ECF7A009DA163 = {
						CreatedOnToolsVersion = 9.2;
						ProvisioningStyle = Automatic;
					};
				};
			};
			buildConfigurationList = 41A25023202ECF7A009DA163 /* Build configuration list for PBXProject "PhotoWithCoreData" */;
			compatibilityVersion = "Xcode 8.0";
			developmentRegion = en;
			hasScannedForEncodings = 0;
			knownRegions = (
				en,
				Base,
			);
			mainGroup = 41A2501F202ECF7A009DA163;
			productRefGroup = 41A25029202ECF7A009DA163 /* Products */;
			projectDirPath = "";
			projectRoot = "";
			targets = (
				41A25027202ECF7A009DA163 /* PhotoWithCoreData */,
			);
		};
/* End PBXProject section */

/* Begin PBXResourcesBuildPhase section */
		41A25026202ECF7A009DA163 /* Resources */ = {
			isa = PBXResourcesBuildPhase;
			buildActionMask = 2147483647;
			files = (
				41A25039202ECF7A009DA163 /* LaunchScreen.storyboard in Resources */,
				41A25036202ECF7A009DA163 /* Assets.xcassets in Resources */,
				41F3824A202ED880007B44DB /* README.md in Resources */,
				41A25031202ECF7A009DA163 /* Main.storyboard in Resources */,
				41F38248202ED7D1007B44DB /* Camera.storyboard in Resources */,
			);
			runOnlyForDeploymentPostprocessing = 0;
		};
/* End PBXResourcesBuildPhase section */

/* Begin PBXSourcesBuildPhase section */
		41A25024202ECF7A009DA163 /* Sources */ = {
			isa = PBXSourcesBuildPhase;
			buildActionMask = 2147483647;
			files = (
				41F38252202EF1E8007B44DB /* Story.xcdatamodeld in Sources */,
				41F3824D202EEE7D007B44DB /* CoreDataManager.swift in Sources */,
				41A25034202ECF7A009DA163 /* PhotoWithCoreData.xcdatamodeld in Sources */,
				41F38246202ED6E9007B44DB /* CameraViewController.swift in Sources */,
				4173F8FA202EF9BD0010F06F /* StoryListViewController.swift in Sources */,
				41F38243202ED5B6007B44DB /* CameraController.swift in Sources */,
				41A2502C202ECF7A009DA163 /* AppDelegate.swift in Sources */,
			);
			runOnlyForDeploymentPostprocessing = 0;
		};
/* End PBXSourcesBuildPhase section */

/* Begin PBXVariantGroup section */
		41A2502F202ECF7A009DA163 /* Main.storyboard */ = {
			isa = PBXVariantGroup;
			children = (
				41A25030202ECF7A009DA163 /* Base */,
			);
			name = Main.storyboard;
			sourceTree = "<group>";
		};
		41A25037202ECF7A009DA163 /* LaunchScreen.storyboard */ = {
			isa = PBXVariantGroup;
			children = (
				41A25038202ECF7A009DA163 /* Base */,
			);
			name = LaunchScreen.storyboard;
			sourceTree = "<group>";
		};
/* End PBXVariantGroup section */

/* Begin XCBuildConfiguration section */
		41A2503B202ECF7A009DA163 /* Debug */ = {
			isa = XCBuildConfiguration;
			buildSettings = {
				ALWAYS_SEARCH_USER_PATHS = NO;
				CLANG_ANALYZER_NONNULL = YES;
				CLANG_ANALYZER_NUMBER_OBJECT_CONVERSION = YES_AGGRESSIVE;
				CLANG_CXX_LANGUAGE_STANDARD = "gnu++14";
				CLANG_CXX_LIBRARY = "libc++";
				CLANG_ENABLE_MODULES = YES;
				CLANG_ENABLE_OBJC_ARC = YES;
				CLANG_WARN_BLOCK_CAPTURE_AUTORELEASING = YES;
				CLANG_WARN_BOOL_CONVERSION = YES;
				CLANG_WARN_COMMA = YES;
				CLANG_WARN_CONSTANT_CONVERSION = YES;
				CLANG_WARN_DIRECT_OBJC_ISA_USAGE = YES_ERROR;
				CLANG_WARN_DOCUMENTATION_COMMENTS = YES;
				CLANG_WARN_EMPTY_BODY = YES;
				CLANG_WARN_ENUM_CONVERSION = YES;
				CLANG_WARN_INFINITE_RECURSION = YES;
				CLANG_WARN_INT_CONVERSION = YES;
				CLANG_WARN_NON_LITERAL_NULL_CONVERSION = YES;
				CLANG_WARN_OBJC_LITERAL_CONVERSION = YES;
				CLANG_WARN_OBJC_ROOT_CLASS = YES_ERROR;
				CLANG_WARN_RANGE_LOOP_ANALYSIS = YES;
				CLANG_WARN_STRICT_PROTOTYPES = YES;
				CLANG_WARN_SUSPICIOUS_MOVE = YES;
				CLANG_WARN_UNGUARDED_AVAILABILITY = YES_AGGRESSIVE;
				CLANG_WARN_UNREACHABLE_CODE = YES;
				CLANG_WARN__DUPLICATE_METHOD_MATCH = YES;
				CODE_SIGN_IDENTITY = "iPhone Developer";
				COPY_PHASE_STRIP = NO;
				DEBUG_INFORMATION_FORMAT = dwarf;
				ENABLE_STRICT_OBJC_MSGSEND = YES;
				ENABLE_TESTABILITY = YES;
				GCC_C_LANGUAGE_STANDARD = gnu11;
				GCC_DYNAMIC_NO_PIC = NO;
				GCC_NO_COMMON_BLOCKS = YES;
				GCC_OPTIMIZATION_LEVEL = 0;
				GCC_PREPROCESSOR_DEFINITIONS = (
					"DEBUG=1",
					"$(inherited)",
				);
				GCC_WARN_64_TO_32_BIT_CONVERSION = YES;
				GCC_WARN_ABOUT_RETURN_TYPE = YES_ERROR;
				GCC_WARN_UNDECLARED_SELECTOR = YES;
				GCC_WARN_UNINITIALIZED_AUTOS = YES_AGGRESSIVE;
				GCC_WARN_UNUSED_FUNCTION = YES;
				GCC_WARN_UNUSED_VARIABLE = YES;
				IPHONEOS_DEPLOYMENT_TARGET = 10.0;
				MTL_ENABLE_DEBUG_INFO = YES;
				ONLY_ACTIVE_ARCH = YES;
				SDKROOT = iphoneos;
				SWIFT_ACTIVE_COMPILATION_CONDITIONS = DEBUG;
				SWIFT_OPTIMIZATION_LEVEL = "-Onone";
			};
			name = Debug;
		};
		41A2503C202ECF7A009DA163 /* Release */ = {
			isa = XCBuildConfiguration;
			buildSettings = {
				ALWAYS_SEARCH_USER_PATHS = NO;
				CLANG_ANALYZER_NONNULL = YES;
				CLANG_ANALYZER_NUMBER_OBJECT_CONVERSION = YES_AGGRESSIVE;
				CLANG_CXX_LANGUAGE_STANDARD = "gnu++14";
				CLANG_CXX_LIBRARY = "libc++";
				CLANG_ENABLE_MODULES = YES;
				CLANG_ENABLE_OBJC_ARC = YES;
				CLANG_WARN_BLOCK_CAPTURE_AUTORELEASING = YES;
				CLANG_WARN_BOOL_CONVERSION = YES;
				CLANG_WARN_COMMA = YES;
				CLANG_WARN_CONSTANT_CONVERSION = YES;
				CLANG_WARN_DIRECT_OBJC_ISA_USAGE = YES_ERROR;
				CLANG_WARN_DOCUMENTATION_COMMENTS = YES;
				CLANG_WARN_EMPTY_BODY = YES;
				CLANG_WARN_ENUM_CONVERSION = YES;
				CLANG_WARN_INFINITE_RECURSION = YES;
				CLANG_WARN_INT_CONVERSION = YES;
				CLANG_WARN_NON_LITERAL_NULL_CONVERSION = YES;
				CLANG_WARN_OBJC_LITERAL_CONVERSION = YES;
				CLANG_WARN_OBJC_ROOT_CLASS = YES_ERROR;
				CLANG_WARN_RANGE_LOOP_ANALYSIS = YES;
				CLANG_WARN_STRICT_PROTOTYPES = YES;
				CLANG_WARN_SUSPICIOUS_MOVE = YES;
				CLANG_WARN_UNGUARDED_AVAILABILITY = YES_AGGRESSIVE;
				CLANG_WARN_UNREACHABLE_CODE = YES;
				CLANG_WARN__DUPLICATE_METHOD_MATCH = YES;
				CODE_SIGN_IDENTITY = "iPhone Developer";
				COPY_PHASE_STRIP = NO;
				DEBUG_INFORMATION_FORMAT = "dwarf-with-dsym";
				ENABLE_NS_ASSERTIONS = NO;
				ENABLE_STRICT_OBJC_MSGSEND = YES;
				GCC_C_LANGUAGE_STANDARD = gnu11;
				GCC_NO_COMMON_BLOCKS = YES;
				GCC_WARN_64_TO_32_BIT_CONVERSION = YES;
				GCC_WARN_ABOUT_RETURN_TYPE = YES_ERROR;
				GCC_WARN_UNDECLARED_SELECTOR = YES;
				GCC_WARN_UNINITIALIZED_AUTOS = YES_AGGRESSIVE;
				GCC_WARN_UNUSED_FUNCTION = YES;
				GCC_WARN_UNUSED_VARIABLE = YES;
				IPHONEOS_DEPLOYMENT_TARGET = 10.0;
				MTL_ENABLE_DEBUG_INFO = NO;
				SDKROOT = iphoneos;
				SWIFT_OPTIMIZATION_LEVEL = "-Owholemodule";
				VALIDATE_PRODUCT = YES;
			};
			name = Release;
		};
		41A2503E202ECF7A009DA163 /* Debug */ = {
			isa = XCBuildConfiguration;
			buildSettings = {
				ASSETCATALOG_COMPILER_APPICON_NAME = AppIcon;
				CODE_SIGN_STYLE = Automatic;
				DEVELOPMENT_TEAM = Q2K8SV77D4;
				INFOPLIST_FILE = PhotoWithCoreData/Info.plist;
				IPHONEOS_DEPLOYMENT_TARGET = 10.0;
				LD_RUNPATH_SEARCH_PATHS = "$(inherited) @executable_path/Frameworks";
				PRODUCT_BUNDLE_IDENTIFIER = jinnsim.PhotoWithCoreData;
				PRODUCT_NAME = "$(TARGET_NAME)";
				SWIFT_VERSION = 4.0;
				TARGETED_DEVICE_FAMILY = 1;
			};
			name = Debug;
		};
		41A2503F202ECF7A009DA163 /* Release */ = {
			isa = XCBuildConfiguration;
			buildSettings = {
				ASSETCATALOG_COMPILER_APPICON_NAME = AppIcon;
				CODE_SIGN_STYLE = Automatic;
				DEVELOPMENT_TEAM = Q2K8SV77D4;
				INFOPLIST_FILE = PhotoWithCoreData/Info.plist;
				IPHONEOS_DEPLOYMENT_TARGET = 10.0;
				LD_RUNPATH_SEARCH_PATHS = "$(inherited) @executable_path/Frameworks";
				PRODUCT_BUNDLE_IDENTIFIER = jinnsim.PhotoWithCoreData;
				PRODUCT_NAME = "$(TARGET_NAME)";
				SWIFT_VERSION = 4.0;
				TARGETED_DEVICE_FAMILY = 1;
			};
			name = Release;
		};
/* End XCBuildConfiguration section */

/* Begin XCConfigurationList section */
		41A25023202ECF7A009DA163 /* Build configuration list for PBXProject "PhotoWithCoreData" */ = {
			isa = XCConfigurationList;
			buildConfigurations = (
				41A2503B202ECF7A009DA163 /* Debug */,
				41A2503C202ECF7A009DA163 /* Release */,
			);
			defaultConfigurationIsVisible = 0;
			defaultConfigurationName = Release;
		};
		41A2503D202ECF7A009DA163 /* Build configuration list for PBXNativeTarget "PhotoWithCoreData" */ = {
			isa = XCConfigurationList;
			buildConfigurations = (
				41A2503E202ECF7A009DA163 /* Debug */,
				41A2503F202ECF7A009DA163 /* Release */,
			);
			defaultConfigurationIsVisible = 0;
			defaultConfigurationName = Release;
		};
/* End XCConfigurationList section */

/* Begin XCVersionGroup section */
		41A25032202ECF7A009DA163 /* PhotoWithCoreData.xcdatamodeld */ = {
			isa = XCVersionGroup;
			children = (
				41A25033202ECF7A009DA163 /* PhotoWithCoreData.xcdatamodel */,
			);
			currentVersion = 41A25033202ECF7A009DA163 /* PhotoWithCoreData.xcdatamodel */;
			path = PhotoWithCoreData.xcdatamodeld;
			sourceTree = "<group>";
			versionGroupType = wrapper.xcdatamodel;
		};
		41F3824E202EEF83007B44DB /* Story.xcdatamodeld */ = {
			isa = XCVersionGroup;
			children = (
				41F3824F202EEF83007B44DB /* Story.xcdatamodel */,
			);
			currentVersion = 41F3824F202EEF83007B44DB /* Story.xcdatamodel */;
			path = Story.xcdatamodeld;
			sourceTree = "<group>";
			versionGroupType = wrapper.xcdatamodel;
		};
/* End XCVersionGroup section */
	};
	rootObject = 41A25020202ECF7A009DA163 /* Project object */;
}
